
Microsoft Visual Studio Solution File, Format Version 12.00
# Visual Studio Version 17
VisualStudioVersion = 17.14.36511.14 d17.14
MinimumVisualStudioVersion = 10.0.40219.1
Project("{FAE04EC0-301F-11D3-BF4B-00C04F79EFBC}") = "game of generate random shapes", "game of generate random shapes\game of generate random shapes.csproj", "{ABB58F36-43F1-4E8B-820B-E960DEBEF574}"
EndProject
Global
	GlobalSection(SolutionConfigurationPlatforms) = preSolution
		Debug|Any CPU = Debug|Any CPU
		Release|Any CPU = Release|Any CPU
	EndGlobalSection
	GlobalSection(ProjectConfigurationPlatforms) = postSolution
		{ABB58F36-43F1-4E8B-820B-E960DEBEF574}.Debug|Any CPU.ActiveCfg = Debug|Any CPU
		{ABB58F36-43F1-4E8B-820B-E960DEBEF574}.Debug|Any CPU.Build.0 = Debug|Any CPU
		{ABB58F36-43F1-4E8B-820B-E960DEBEF574}.Release|Any CPU.ActiveCfg = Release|Any CPU
		{ABB58F36-43F1-4E8B-820B-E960DEBEF574}.Release|Any CPU.Build.0 = Release|Any CPU
	EndGlobalSection
	GlobalSection(SolutionProperties) = preSolution
		HideSolutionNode = FALSE
	EndGlobalSection
	GlobalSection(ExtensibilityGlobals) = postSolution
		SolutionGuid = {0F66358E-05EC-4AED-8919-A5CDA6DECE44}
	EndGlobalSection
EndGlobal
